
Microsoft Visual Studio Solution File, Format Version 12.00
# Visual Studio Version 17
VisualStudioVersion = 17.4.33213.308
MinimumVisualStudioVersion = 10.0.40219.1
Project("{FAE04EC0-301F-11D3-BF4B-00C04F79EFBC}") = "5_DETERMINE_EL_MAYOR_DE_N_NUMEROS", "5_DETERMINE_EL_MAYOR_DE_N_NUMEROS.csproj", "{8D946FFE-7B10-4C47-8901-8D4F2DCDCACE}"
EndProject
Global
	GlobalSection(SolutionConfigurationPlatforms) = preSolution
		Debug|Any CPU = Debug|Any CPU
		Release|Any CPU = Release|Any CPU
	EndGlobalSection
	GlobalSection(ProjectConfigurationPlatforms) = postSolution
		{8D946FFE-7B10-4C47-8901-8D4F2DCDCACE}.Debug|Any CPU.ActiveCfg = Debug|Any CPU
		{8D946FFE-7B10-4C47-8901-8D4F2DCDCACE}.Debug|Any CPU.Build.0 = Debug|Any CPU
		{8D946FFE-7B10-4C47-8901-8D4F2DCDCACE}.Release|Any CPU.ActiveCfg = Release|Any CPU
		{8D946FFE-7B10-4C47-8901-8D4F2DCDCACE}.Release|Any CPU.Build.0 = Release|Any CPU
	EndGlobalSection
	GlobalSection(SolutionProperties) = preSolution
		HideSolutionNode = FALSE
	EndGlobalSection
	GlobalSection(ExtensibilityGlobals) = postSolution
		SolutionGuid = {DC5EDCB1-F62D-4B29-967D-92EB6FE906DE}
	EndGlobalSection
EndGlobal
