
Microsoft Visual Studio Solution File, Format Version 12.00
# Visual Studio Version 17
VisualStudioVersion = 17.4.33213.308
MinimumVisualStudioVersion = 10.0.40219.1
Project("{FAE04EC0-301F-11D3-BF4B-00C04F79EFBC}") = "4_UTILIZANDO_LA_CLASE_MATCH", "4_UTILIZANDO_LA_CLASE_MATCH.csproj", "{FA85A91A-AA53-4D9B-8BF6-A3D39D98F2C4}"
EndProject
Global
	GlobalSection(SolutionConfigurationPlatforms) = preSolution
		Debug|Any CPU = Debug|Any CPU
		Release|Any CPU = Release|Any CPU
	EndGlobalSection
	GlobalSection(ProjectConfigurationPlatforms) = postSolution
		{FA85A91A-AA53-4D9B-8BF6-A3D39D98F2C4}.Debug|Any CPU.ActiveCfg = Debug|Any CPU
		{FA85A91A-AA53-4D9B-8BF6-A3D39D98F2C4}.Debug|Any CPU.Build.0 = Debug|Any CPU
		{FA85A91A-AA53-4D9B-8BF6-A3D39D98F2C4}.Release|Any CPU.ActiveCfg = Release|Any CPU
		{FA85A91A-AA53-4D9B-8BF6-A3D39D98F2C4}.Release|Any CPU.Build.0 = Release|Any CPU
	EndGlobalSection
	GlobalSection(SolutionProperties) = preSolution
		HideSolutionNode = FALSE
	EndGlobalSection
	GlobalSection(ExtensibilityGlobals) = postSolution
		SolutionGuid = {CB291F9B-7980-4A58-AE38-28A19C1C6BDC}
	EndGlobalSection
EndGlobal
