
Microsoft Visual Studio Solution File, Format Version 12.00
# Visual Studio Version 17
VisualStudioVersion = 17.4.33213.308
MinimumVisualStudioVersion = 10.0.40219.1
Project("{FAE04EC0-301F-11D3-BF4B-00C04F79EFBC}") = "1_INVERTIR_NUMERO_DE_DOS_CIFRAS", "1_INVERTIR_NUMERO_DE_DOS_CIFRAS.csproj", "{A31C8142-1002-464C-B28E-3196441FC34E}"
EndProject
Project("{9A19103F-16F7-4668-BE54-9A1E7A4F7556}") = "INVERTIR_NÚMERO_DE_TRES_CIFRAS", "..\2_INVERTIR_NÚMERO_DE_TRES_CIFRAS\INVERTIR_NÚMERO_DE_TRES_CIFRAS.csproj", "{C69B0AE9-3107-4AA2-8E08-C47861643C0B}"
EndProject
Project("{9A19103F-16F7-4668-BE54-9A1E7A4F7556}") = "3_DADO_DOS_N_OPERACIONES_BASICAS", "..\3_DADO_DOS_N_OPERACIONES_BASICAS\3_DADO_DOS_N_OPERACIONES_BASICAS.csproj", "{6429D58E-C0D0-44B1-95E0-7F9C77EC8222}"
EndProject
Global
	GlobalSection(SolutionConfigurationPlatforms) = preSolution
		Debug|Any CPU = Debug|Any CPU
		Release|Any CPU = Release|Any CPU
	EndGlobalSection
	GlobalSection(ProjectConfigurationPlatforms) = postSolution
		{A31C8142-1002-464C-B28E-3196441FC34E}.Debug|Any CPU.ActiveCfg = Debug|Any CPU
		{A31C8142-1002-464C-B28E-3196441FC34E}.Debug|Any CPU.Build.0 = Debug|Any CPU
		{A31C8142-1002-464C-B28E-3196441FC34E}.Release|Any CPU.ActiveCfg = Release|Any CPU
		{A31C8142-1002-464C-B28E-3196441FC34E}.Release|Any CPU.Build.0 = Release|Any CPU
		{C69B0AE9-3107-4AA2-8E08-C47861643C0B}.Debug|Any CPU.ActiveCfg = Debug|Any CPU
		{C69B0AE9-3107-4AA2-8E08-C47861643C0B}.Debug|Any CPU.Build.0 = Debug|Any CPU
		{C69B0AE9-3107-4AA2-8E08-C47861643C0B}.Release|Any CPU.ActiveCfg = Release|Any CPU
		{C69B0AE9-3107-4AA2-8E08-C47861643C0B}.Release|Any CPU.Build.0 = Release|Any CPU
		{6429D58E-C0D0-44B1-95E0-7F9C77EC8222}.Debug|Any CPU.ActiveCfg = Debug|Any CPU
		{6429D58E-C0D0-44B1-95E0-7F9C77EC8222}.Debug|Any CPU.Build.0 = Debug|Any CPU
		{6429D58E-C0D0-44B1-95E0-7F9C77EC8222}.Release|Any CPU.ActiveCfg = Release|Any CPU
		{6429D58E-C0D0-44B1-95E0-7F9C77EC8222}.Release|Any CPU.Build.0 = Release|Any CPU
	EndGlobalSection
	GlobalSection(SolutionProperties) = preSolution
		HideSolutionNode = FALSE
	EndGlobalSection
	GlobalSection(ExtensibilityGlobals) = postSolution
		SolutionGuid = {4A16578C-135E-4D1F-817D-1F8D4A1140F6}
	EndGlobalSection
EndGlobal
